
Microsoft Visual Studio Solution File, Format Version 11.00
# Visual Studio 2010
Project("{FAE04EC0-301F-11D3-BF4B-00C04F79EFBC}") = "RDev", "Assembly-CSharp.csproj", "{FEE05F98-990D-0F5E-8A5F-B0B84CD9E61B}"
EndProject
Global
	GlobalSection(SolutionConfigurationPlatforms) = preSolution
		Debug|Any CPU = Debug|Any CPU
		Release|Any CPU = Release|Any CPU
	EndGlobalSection
	GlobalSection(ProjectConfigurationPlatforms) = postSolution
		{FEE05F98-990D-0F5E-8A5F-B0B84CD9E61B}.Debug|Any CPU.ActiveCfg = Debug|Any CPU
		{FEE05F98-990D-0F5E-8A5F-B0B84CD9E61B}.Debug|Any CPU.Build.0 = Debug|Any CPU
		{FEE05F98-990D-0F5E-8A5F-B0B84CD9E61B}.Release|Any CPU.ActiveCfg = Release|Any CPU
		{FEE05F98-990D-0F5E-8A5F-B0B84CD9E61B}.Release|Any CPU.Build.0 = Release|Any CPU
	EndGlobalSection
	GlobalSection(SolutionProperties) = preSolution
		HideSolutionNode = FALSE
	EndGlobalSection
	GlobalSection(MonoDevelopProperties) = preSolution
		StartupItem = Assembly-CSharp.csproj
	EndGlobalSection
EndGlobal
